
Microsoft Visual Studio Solution File, Format Version 12.00
# Visual Studio Version 17
VisualStudioVersion = 17.9.34714.143
MinimumVisualStudioVersion = 10.0.40219.1
Project("{FAE04EC0-301F-11D3-BF4B-00C04F79EFBC}") = "ALP", "ALP.csproj", "{4D483C3B-4B3F-40CD-A72C-AA4BEC8FE698}"
EndProject
Global
	GlobalSection(SolutionConfigurationPlatforms) = preSolution
		Debug|Any CPU = Debug|Any CPU
		Release|Any CPU = Release|Any CPU
	EndGlobalSection
	GlobalSection(ProjectConfigurationPlatforms) = postSolution
		{4D483C3B-4B3F-40CD-A72C-AA4BEC8FE698}.Debug|Any CPU.ActiveCfg = Debug|Any CPU
		{4D483C3B-4B3F-40CD-A72C-AA4BEC8FE698}.Debug|Any CPU.Build.0 = Debug|Any CPU
		{4D483C3B-4B3F-40CD-A72C-AA4BEC8FE698}.Release|Any CPU.ActiveCfg = Release|Any CPU
		{4D483C3B-4B3F-40CD-A72C-AA4BEC8FE698}.Release|Any CPU.Build.0 = Release|Any CPU
	EndGlobalSection
	GlobalSection(SolutionProperties) = preSolution
		HideSolutionNode = FALSE
	EndGlobalSection
	GlobalSection(ExtensibilityGlobals) = postSolution
		SolutionGuid = {AD8C1D73-8CBB-49B2-B9F0-0631669F49CC}
	EndGlobalSection
EndGlobal
